// !$*UTF8*$!
{
	archiveVersion = 1;
	classes = {
	};
	objectVersion = 55;
	objects = {

/* Begin PBXFileReference section */
		DBA126652C5B3BEE003F9E7F /* steps.swift */ = {isa = PBXFileReference; lastKnownFileType = sourcecode.swift; path = steps.swift; sourceTree = "<group>"; };
/* End PBXFileReference section */

/* Begin PBXGroup section */
		DBA1265E2C5B3BA8003F9E7F = {
			isa = PBXGroup;
			children = (
				DBA126652C5B3BEE003F9E7F /* steps.swift */,
			);
			sourceTree = "<group>";
		};
/* End PBXGroup section */

/* Begin PBXProject section */
		DBA1265F2C5B3BA8003F9E7F /* Project object */ = {
			isa = PBXProject;
			attributes = {
				BuildIndependentTargetsInParallel = 1;
				LastUpgradeCheck = 1320;
			};
			buildConfigurationList = DBA126622C5B3BA8003F9E7F /* Build configuration list for PBXProject "Swift" */;
			compatibilityVersion = "Xcode 13.0";
			developmentRegion = en;
			hasScannedForEncodings = 0;
			knownRegions = (
				en,
				Base,
			);
			mainGroup = DBA1265E2C5B3BA8003F9E7F;
			projectDirPath = "";
			projectRoot = "";
			targets = (
			);
		};
/* End PBXProject section */

/* Begin XCBuildConfiguration section */
		DBA126632C5B3BA8003F9E7F /* Debug */ = {
			isa = XCBuildConfiguration;
			buildSettings = {
			};
			name = Debug;
		};
		DBA126642C5B3BA8003F9E7F /* Release */ = {
			isa = XCBuildConfiguration;
			buildSettings = {
			};
			name = Release;
		};
/* End XCBuildConfiguration section */

/* Begin XCConfigurationList section */
		DBA126622C5B3BA8003F9E7F /* Build configuration list for PBXProject "Swift" */ = {
			isa = XCConfigurationList;
			buildConfigurations = (
				DBA126632C5B3BA8003F9E7F /* Debug */,
				DBA126642C5B3BA8003F9E7F /* Release */,
			);
			defaultConfigurationIsVisible = 0;
			defaultConfigurationName = Release;
		};
/* End XCConfigurationList section */
	};
	rootObject = DBA1265F2C5B3BA8003F9E7F /* Project object */;
}
